
Microsoft Visual Studio Solution File, Format Version 12.00
Project("{FAE04EC0-301F-11D3-BF4B-00C04F79EFBC}") = "SecondReceiver", "SecondReceiver\SecondReceiver.csproj", "{733E8181-0CAE-4890-86E3-9B4CDC9DA271}"
EndProject
Global
	GlobalSection(SolutionConfigurationPlatforms) = preSolution
		Debug|Any CPU = Debug|Any CPU
		Release|Any CPU = Release|Any CPU
	EndGlobalSection
	GlobalSection(ProjectConfigurationPlatforms) = postSolution
		{733E8181-0CAE-4890-86E3-9B4CDC9DA271}.Debug|Any CPU.ActiveCfg = Debug|Any CPU
		{733E8181-0CAE-4890-86E3-9B4CDC9DA271}.Debug|Any CPU.Build.0 = Debug|Any CPU
		{733E8181-0CAE-4890-86E3-9B4CDC9DA271}.Release|Any CPU.ActiveCfg = Release|Any CPU
		{733E8181-0CAE-4890-86E3-9B4CDC9DA271}.Release|Any CPU.Build.0 = Release|Any CPU
	EndGlobalSection
EndGlobal
