
Microsoft Visual Studio Solution File, Format Version 12.00
Project("{FAE04EC0-301F-11D3-BF4B-00C04F79EFBC}") = "ReceiveLogs", "ReceiveLogs\ReceiveLogs.csproj", "{EF6A1359-1B86-4051-BE63-A57B649EFF55}"
EndProject
Global
	GlobalSection(SolutionConfigurationPlatforms) = preSolution
		Debug|Any CPU = Debug|Any CPU
		Release|Any CPU = Release|Any CPU
	EndGlobalSection
	GlobalSection(ProjectConfigurationPlatforms) = postSolution
		{EF6A1359-1B86-4051-BE63-A57B649EFF55}.Debug|Any CPU.ActiveCfg = Debug|Any CPU
		{EF6A1359-1B86-4051-BE63-A57B649EFF55}.Debug|Any CPU.Build.0 = Debug|Any CPU
		{EF6A1359-1B86-4051-BE63-A57B649EFF55}.Release|Any CPU.ActiveCfg = Release|Any CPU
		{EF6A1359-1B86-4051-BE63-A57B649EFF55}.Release|Any CPU.Build.0 = Release|Any CPU
	EndGlobalSection
EndGlobal
